
Microsoft Visual Studio Solution File, Format Version 12.00
# Visual Studio Version 16
VisualStudioVersion = 16.0.29503.13
MinimumVisualStudioVersion = 10.0.40219.1
Project("{FAE04EC0-301F-11D3-BF4B-00C04F79EFBC}") = "10122020", "10122020\10122020.csproj", "{94298A2E-EBCA-4344-87D6-5498D696ED87}"
EndProject
Global
	GlobalSection(SolutionConfigurationPlatforms) = preSolution
		Debug|Any CPU = Debug|Any CPU
		Release|Any CPU = Release|Any CPU
	EndGlobalSection
	GlobalSection(ProjectConfigurationPlatforms) = postSolution
		{94298A2E-EBCA-4344-87D6-5498D696ED87}.Debug|Any CPU.ActiveCfg = Debug|Any CPU
		{94298A2E-EBCA-4344-87D6-5498D696ED87}.Debug|Any CPU.Build.0 = Debug|Any CPU
		{94298A2E-EBCA-4344-87D6-5498D696ED87}.Release|Any CPU.ActiveCfg = Release|Any CPU
		{94298A2E-EBCA-4344-87D6-5498D696ED87}.Release|Any CPU.Build.0 = Release|Any CPU
	EndGlobalSection
	GlobalSection(SolutionProperties) = preSolution
		HideSolutionNode = FALSE
	EndGlobalSection
	GlobalSection(ExtensibilityGlobals) = postSolution
		SolutionGuid = {D41E071B-3B93-4599-A03D-A36AEB4349F9}
	EndGlobalSection
EndGlobal
